
Microsoft Visual Studio Solution File, Format Version 12.00
# Visual Studio Version 17
VisualStudioVersion = 17.6.33723.286
MinimumVisualStudioVersion = 10.0.40219.1
Project("{FAE04EC0-301F-11D3-BF4B-00C04F79EFBC}") = "AuthServiceAPI", "AuthServiceAPI.csproj", "{E20603FA-CBFC-47E9-8D22-6B1AC1442C09}"
EndProject
Project("{9A19103F-16F7-4668-BE54-9A1E7A4F7556}") = "Model", "..\Model\Model.csproj", "{3B2E376A-575A-4647-BE0F-19C6F2BD2A6F}"
EndProject
Global
	GlobalSection(SolutionConfigurationPlatforms) = preSolution
		Debug|Any CPU = Debug|Any CPU
		Release|Any CPU = Release|Any CPU
	EndGlobalSection
	GlobalSection(ProjectConfigurationPlatforms) = postSolution
		{E20603FA-CBFC-47E9-8D22-6B1AC1442C09}.Debug|Any CPU.ActiveCfg = Debug|Any CPU
		{E20603FA-CBFC-47E9-8D22-6B1AC1442C09}.Debug|Any CPU.Build.0 = Debug|Any CPU
		{E20603FA-CBFC-47E9-8D22-6B1AC1442C09}.Release|Any CPU.ActiveCfg = Release|Any CPU
		{E20603FA-CBFC-47E9-8D22-6B1AC1442C09}.Release|Any CPU.Build.0 = Release|Any CPU
		{3B2E376A-575A-4647-BE0F-19C6F2BD2A6F}.Debug|Any CPU.ActiveCfg = Debug|Any CPU
		{3B2E376A-575A-4647-BE0F-19C6F2BD2A6F}.Debug|Any CPU.Build.0 = Debug|Any CPU
		{3B2E376A-575A-4647-BE0F-19C6F2BD2A6F}.Release|Any CPU.ActiveCfg = Release|Any CPU
		{3B2E376A-575A-4647-BE0F-19C6F2BD2A6F}.Release|Any CPU.Build.0 = Release|Any CPU
	EndGlobalSection
	GlobalSection(SolutionProperties) = preSolution
		HideSolutionNode = FALSE
	EndGlobalSection
	GlobalSection(ExtensibilityGlobals) = postSolution
		SolutionGuid = {F579B206-AB37-45FE-A60D-CE2644DC57F6}
	EndGlobalSection
EndGlobal
